// !$*UTF8*$!
{
	archiveVersion = 1;
	classes = {
	};
	objectVersion = 51;
	objects = {

/* Begin PBXBuildFile section */
		7F0B563C2588888A00BC2E98 /* AppDelegate.swift in Sources */ = {isa = PBXBuildFile; fileRef = 7F0B563B2588888A00BC2E98 /* AppDelegate.swift */; };
		7F0B563E2588888A00BC2E98 /* SceneDelegate.swift in Sources */ = {isa = PBXBuildFile; fileRef = 7F0B563D2588888A00BC2E98 /* SceneDelegate.swift */; };
		7F0B56402588888A00BC2E98 /* ViewController.swift in Sources */ = {isa = PBXBuildFile; fileRef = 7F0B563F2588888A00BC2E98 /* ViewController.swift */; };
		7F0B56432588888A00BC2E98 /* Main.storyboard in Resources */ = {isa = PBXBuildFile; fileRef = 7F0B56412588888A00BC2E98 /* Main.storyboard */; };
		7F0B56452588888B00BC2E98 /* Assets.xcassets in Resources */ = {isa = PBXBuildFile; fileRef = 7F0B56442588888B00BC2E98 /* Assets.xcassets */; };
		7F0B56482588888B00BC2E98 /* LaunchScreen.storyboard in Resources */ = {isa = PBXBuildFile; fileRef = 7F0B56462588888B00BC2E98 /* LaunchScreen.storyboard */; };
		7F0B56532588888B00BC2E98 /* ChartsRendererDemoTests.swift in Sources */ = {isa = PBXBuildFile; fileRef = 7F0B56522588888B00BC2E98 /* ChartsRendererDemoTests.swift */; };
		7F0B565E2588888B00BC2E98 /* ChartsRendererDemoUITests.swift in Sources */ = {isa = PBXBuildFile; fileRef = 7F0B565D2588888B00BC2E98 /* ChartsRendererDemoUITests.swift */; };
		7FF4947025888DFF00F437ED /* DataModel.swift in Sources */ = {isa = PBXBuildFile; fileRef = 7FF4946F25888DFF00F437ED /* DataModel.swift */; };
		7FF494792588949800F437ED /* MyYAxis.swift in Sources */ = {isa = PBXBuildFile; fileRef = 7FF494782588949800F437ED /* MyYAxis.swift */; };
		851FF5D64FF8925657BD940C /* Pods_ChartsRendererDemo.framework in Frameworks */ = {isa = PBXBuildFile; fileRef = 70E4A3C3F5FF3DE6DFDFF2CA /* Pods_ChartsRendererDemo.framework */; };
/* End PBXBuildFile section */

/* Begin PBXContainerItemProxy section */
		7F0B564F2588888B00BC2E98 /* PBXContainerItemProxy */ = {
			isa = PBXContainerItemProxy;
			containerPortal = 7F0B56302588888A00BC2E98 /* Project object */;
			proxyType = 1;
			remoteGlobalIDString = 7F0B56372588888A00BC2E98;
			remoteInfo = ChartsRendererDemo;
		};
		7F0B565A2588888B00BC2E98 /* PBXContainerItemProxy */ = {
			isa = PBXContainerItemProxy;
			containerPortal = 7F0B56302588888A00BC2E98 /* Project object */;
			proxyType = 1;
			remoteGlobalIDString = 7F0B56372588888A00BC2E98;
			remoteInfo = ChartsRendererDemo;
		};
/* End PBXContainerItemProxy section */

/* Begin PBXFileReference section */
		70E4A3C3F5FF3DE6DFDFF2CA /* Pods_ChartsRendererDemo.framework */ = {isa = PBXFileReference; explicitFileType = wrapper.framework; includeInIndex = 0; path = Pods_ChartsRendererDemo.framework; sourceTree = BUILT_PRODUCTS_DIR; };
		7F0B56382588888A00BC2E98 /* ChartsRendererDemo.app */ = {isa = PBXFileReference; explicitFileType = wrapper.application; includeInIndex = 0; path = ChartsRendererDemo.app; sourceTree = BUILT_PRODUCTS_DIR; };
		7F0B563B2588888A00BC2E98 /* AppDelegate.swift */ = {isa = PBXFileReference; lastKnownFileType = sourcecode.swift; path = AppDelegate.swift; sourceTree = "<group>"; };
		7F0B563D2588888A00BC2E98 /* SceneDelegate.swift */ = {isa = PBXFileReference; lastKnownFileType = sourcecode.swift; path = SceneDelegate.swift; sourceTree = "<group>"; };
		7F0B563F2588888A00BC2E98 /* ViewController.swift */ = {isa = PBXFileReference; lastKnownFileType = sourcecode.swift; path = ViewController.swift; sourceTree = "<group>"; };
		7F0B56422588888A00BC2E98 /* Base */ = {isa = PBXFileReference; lastKnownFileType = file.storyboard; name = Base; path = Base.lproj/Main.storyboard; sourceTree = "<group>"; };
		7F0B56442588888B00BC2E98 /* Assets.xcassets */ = {isa = PBXFileReference; lastKnownFileType = folder.assetcatalog; path = Assets.xcassets; sourceTree = "<group>"; };
		7F0B56472588888B00BC2E98 /* Base */ = {isa = PBXFileReference; lastKnownFileType = file.storyboard; name = Base; path = Base.lproj/LaunchScreen.storyboard; sourceTree = "<group>"; };
		7F0B56492588888B00BC2E98 /* Info.plist */ = {isa = PBXFileReference; lastKnownFileType = text.plist.xml; path = Info.plist; sourceTree = "<group>"; };
		7F0B564E2588888B00BC2E98 /* ChartsRendererDemoTests.xctest */ = {isa = PBXFileReference; explicitFileType = wrapper.cfbundle; includeInIndex = 0; path = ChartsRendererDemoTests.xctest; sourceTree = BUILT_PRODUCTS_DIR; };
		7F0B56522588888B00BC2E98 /* ChartsRendererDemoTests.swift */ = {isa = PBXFileReference; lastKnownFileType = sourcecode.swift; path = ChartsRendererDemoTests.swift; sourceTree = "<group>"; };
		7F0B56542588888B00BC2E98 /* Info.plist */ = {isa = PBXFileReference; lastKnownFileType = text.plist.xml; path = Info.plist; sourceTree = "<group>"; };
		7F0B56592588888B00BC2E98 /* ChartsRendererDemoUITests.xctest */ = {isa = PBXFileReference; explicitFileType = wrapper.cfbundle; includeInIndex = 0; path = ChartsRendererDemoUITests.xctest; sourceTree = BUILT_PRODUCTS_DIR; };
		7F0B565D2588888B00BC2E98 /* ChartsRendererDemoUITests.swift */ = {isa = PBXFileReference; lastKnownFileType = sourcecode.swift; path = ChartsRendererDemoUITests.swift; sourceTree = "<group>"; };
		7F0B565F2588888B00BC2E98 /* Info.plist */ = {isa = PBXFileReference; lastKnownFileType = text.plist.xml; path = Info.plist; sourceTree = "<group>"; };
		7FF4946F25888DFF00F437ED /* DataModel.swift */ = {isa = PBXFileReference; lastKnownFileType = sourcecode.swift; path = DataModel.swift; sourceTree = "<group>"; };
		7FF494782588949800F437ED /* MyYAxis.swift */ = {isa = PBXFileReference; lastKnownFileType = sourcecode.swift; path = MyYAxis.swift; sourceTree = "<group>"; };
		95A11133991A83570EAF7EB5 /* Pods-ChartsRendererDemo.debug.xcconfig */ = {isa = PBXFileReference; includeInIndex = 1; lastKnownFileType = text.xcconfig; name = "Pods-ChartsRendererDemo.debug.xcconfig"; path = "Target Support Files/Pods-ChartsRendererDemo/Pods-ChartsRendererDemo.debug.xcconfig"; sourceTree = "<group>"; };
		E16D8BDA8EA0A9F6BBEFDF76 /* Pods-ChartsRendererDemo.release.xcconfig */ = {isa = PBXFileReference; includeInIndex = 1; lastKnownFileType = text.xcconfig; name = "Pods-ChartsRendererDemo.release.xcconfig"; path = "Target Support Files/Pods-ChartsRendererDemo/Pods-ChartsRendererDemo.release.xcconfig"; sourceTree = "<group>"; };
/* End PBXFileReference section */

/* Begin PBXFrameworksBuildPhase section */
		7F0B56352588888A00BC2E98 /* Frameworks */ = {
			isa = PBXFrameworksBuildPhase;
			buildActionMask = 2147483647;
			files = (
				851FF5D64FF8925657BD940C /* Pods_ChartsRendererDemo.framework in Frameworks */,
			);
			runOnlyForDeploymentPostprocessing = 0;
		};
		7F0B564B2588888B00BC2E98 /* Frameworks */ = {
			isa = PBXFrameworksBuildPhase;
			buildActionMask = 2147483647;
			files = (
			);
			runOnlyForDeploymentPostprocessing = 0;
		};
		7F0B56562588888B00BC2E98 /* Frameworks */ = {
			isa = PBXFrameworksBuildPhase;
			buildActionMask = 2147483647;
			files = (
			);
			runOnlyForDeploymentPostprocessing = 0;
		};
/* End PBXFrameworksBuildPhase section */

/* Begin PBXGroup section */
		0FD777D5F87E7B11356EC874 /* Frameworks */ = {
			isa = PBXGroup;
			children = (
				70E4A3C3F5FF3DE6DFDFF2CA /* Pods_ChartsRendererDemo.framework */,
			);
			name = Frameworks;
			sourceTree = "<group>";
		};
		7F0B562F2588888A00BC2E98 = {
			isa = PBXGroup;
			children = (
				7F0B563A2588888A00BC2E98 /* ChartsRendererDemo */,
				7F0B56512588888B00BC2E98 /* ChartsRendererDemoTests */,
				7F0B565C2588888B00BC2E98 /* ChartsRendererDemoUITests */,
				7F0B56392588888A00BC2E98 /* Products */,
				F7152C61E672345D3399A024 /* Pods */,
				0FD777D5F87E7B11356EC874 /* Frameworks */,
			);
			sourceTree = "<group>";
		};
		7F0B56392588888A00BC2E98 /* Products */ = {
			isa = PBXGroup;
			children = (
				7F0B56382588888A00BC2E98 /* ChartsRendererDemo.app */,
				7F0B564E2588888B00BC2E98 /* ChartsRendererDemoTests.xctest */,
				7F0B56592588888B00BC2E98 /* ChartsRendererDemoUITests.xctest */,
			);
			name = Products;
			sourceTree = "<group>";
		};
		7F0B563A2588888A00BC2E98 /* ChartsRendererDemo */ = {
			isa = PBXGroup;
			children = (
				7FF494772588948100F437ED /* MyYAxis */,
				7FF4946E25888DDE00F437ED /* Model */,
				7F0B563B2588888A00BC2E98 /* AppDelegate.swift */,
				7F0B563D2588888A00BC2E98 /* SceneDelegate.swift */,
				7F0B563F2588888A00BC2E98 /* ViewController.swift */,
				7F0B56412588888A00BC2E98 /* Main.storyboard */,
				7F0B56442588888B00BC2E98 /* Assets.xcassets */,
				7F0B56462588888B00BC2E98 /* LaunchScreen.storyboard */,
				7F0B56492588888B00BC2E98 /* Info.plist */,
			);
			path = ChartsRendererDemo;
			sourceTree = "<group>";
		};
		7F0B56512588888B00BC2E98 /* ChartsRendererDemoTests */ = {
			isa = PBXGroup;
			children = (
				7F0B56522588888B00BC2E98 /* ChartsRendererDemoTests.swift */,
				7F0B56542588888B00BC2E98 /* Info.plist */,
			);
			path = ChartsRendererDemoTests;
			sourceTree = "<group>";
		};
		7F0B565C2588888B00BC2E98 /* ChartsRendererDemoUITests */ = {
			isa = PBXGroup;
			children = (
				7F0B565D2588888B00BC2E98 /* ChartsRendererDemoUITests.swift */,
				7F0B565F2588888B00BC2E98 /* Info.plist */,
			);
			path = ChartsRendererDemoUITests;
			sourceTree = "<group>";
		};
		7FF4946E25888DDE00F437ED /* Model */ = {
			isa = PBXGroup;
			children = (
				7FF4946F25888DFF00F437ED /* DataModel.swift */,
			);
			path = Model;
			sourceTree = "<group>";
		};
		7FF494772588948100F437ED /* MyYAxis */ = {
			isa = PBXGroup;
			children = (
				7FF494782588949800F437ED /* MyYAxis.swift */,
			);
			path = MyYAxis;
			sourceTree = "<group>";
		};
		F7152C61E672345D3399A024 /* Pods */ = {
			isa = PBXGroup;
			children = (
				95A11133991A83570EAF7EB5 /* Pods-ChartsRendererDemo.debug.xcconfig */,
				E16D8BDA8EA0A9F6BBEFDF76 /* Pods-ChartsRendererDemo.release.xcconfig */,
			);
			path = Pods;
			sourceTree = "<group>";
		};
/* End PBXGroup section */

/* Begin PBXNativeTarget section */
		7F0B56372588888A00BC2E98 /* ChartsRendererDemo */ = {
			isa = PBXNativeTarget;
			buildConfigurationList = 7F0B56622588888B00BC2E98 /* Build configuration list for PBXNativeTarget "ChartsRendererDemo" */;
			buildPhases = (
				CF1B7DC564FEB97244C7B0CF /* [CP] Check Pods Manifest.lock */,
				7F0B56342588888A00BC2E98 /* Sources */,
				7F0B56352588888A00BC2E98 /* Frameworks */,
				7F0B56362588888A00BC2E98 /* Resources */,
				0AD06DFAE630174E6573C614 /* [CP] Embed Pods Frameworks */,
			);
			buildRules = (
			);
			dependencies = (
			);
			name = ChartsRendererDemo;
			productName = ChartsRendererDemo;
			productReference = 7F0B56382588888A00BC2E98 /* ChartsRendererDemo.app */;
			productType = "com.apple.product-type.application";
		};
		7F0B564D2588888B00BC2E98 /* ChartsRendererDemoTests */ = {
			isa = PBXNativeTarget;
			buildConfigurationList = 7F0B56652588888B00BC2E98 /* Build configuration list for PBXNativeTarget "ChartsRendererDemoTests" */;
			buildPhases = (
				7F0B564A2588888B00BC2E98 /* Sources */,
				7F0B564B2588888B00BC2E98 /* Frameworks */,
				7F0B564C2588888B00BC2E98 /* Resources */,
			);
			buildRules = (
			);
			dependencies = (
				7F0B56502588888B00BC2E98 /* PBXTargetDependency */,
			);
			name = ChartsRendererDemoTests;
			productName = ChartsRendererDemoTests;
			productReference = 7F0B564E2588888B00BC2E98 /* ChartsRendererDemoTests.xctest */;
			productType = "com.apple.product-type.bundle.unit-test";
		};
		7F0B56582588888B00BC2E98 /* ChartsRendererDemoUITests */ = {
			isa = PBXNativeTarget;
			buildConfigurationList = 7F0B56682588888B00BC2E98 /* Build configuration list for PBXNativeTarget "ChartsRendererDemoUITests" */;
			buildPhases = (
				7F0B56552588888B00BC2E98 /* Sources */,
				7F0B56562588888B00BC2E98 /* Frameworks */,
				7F0B56572588888B00BC2E98 /* Resources */,
			);
			buildRules = (
			);
			dependencies = (
				7F0B565B2588888B00BC2E98 /* PBXTargetDependency */,
			);
			name = ChartsRendererDemoUITests;
			productName = ChartsRendererDemoUITests;
			productReference = 7F0B56592588888B00BC2E98 /* ChartsRendererDemoUITests.xctest */;
			productType = "com.apple.product-type.bundle.ui-testing";
		};
/* End PBXNativeTarget section */

/* Begin PBXProject section */
		7F0B56302588888A00BC2E98 /* Project object */ = {
			isa = PBXProject;
			attributes = {
				LastSwiftUpdateCheck = 1230;
				LastUpgradeCheck = 1230;
				TargetAttributes = {
					7F0B56372588888A00BC2E98 = {
						CreatedOnToolsVersion = 12.3;
					};
					7F0B564D2588888B00BC2E98 = {
						CreatedOnToolsVersion = 12.3;
						TestTargetID = 7F0B56372588888A00BC2E98;
					};
					7F0B56582588888B00BC2E98 = {
						CreatedOnToolsVersion = 12.3;
						TestTargetID = 7F0B56372588888A00BC2E98;
					};
				};
			};
			buildConfigurationList = 7F0B56332588888A00BC2E98 /* Build configuration list for PBXProject "ChartsRendererDemo" */;
			compatibilityVersion = "Xcode 9.3";
			developmentRegion = en;
			hasScannedForEncodings = 0;
			knownRegions = (
				en,
				Base,
			);
			mainGroup = 7F0B562F2588888A00BC2E98;
			productRefGroup = 7F0B56392588888A00BC2E98 /* Products */;
			projectDirPath = "";
			projectRoot = "";
			targets = (
				7F0B56372588888A00BC2E98 /* ChartsRendererDemo */,
				7F0B564D2588888B00BC2E98 /* ChartsRendererDemoTests */,
				7F0B56582588888B00BC2E98 /* ChartsRendererDemoUITests */,
			);
		};
/* End PBXProject section */

/* Begin PBXResourcesBuildPhase section */
		7F0B56362588888A00BC2E98 /* Resources */ = {
			isa = PBXResourcesBuildPhase;
			buildActionMask = 2147483647;
			files = (
				7F0B56482588888B00BC2E98 /* LaunchScreen.storyboard in Resources */,
				7F0B56452588888B00BC2E98 /* Assets.xcassets in Resources */,
				7F0B56432588888A00BC2E98 /* Main.storyboard in Resources */,
			);
			runOnlyForDeploymentPostprocessing = 0;
		};
		7F0B564C2588888B00BC2E98 /* Resources */ = {
			isa = PBXResourcesBuildPhase;
			buildActionMask = 2147483647;
			files = (
			);
			runOnlyForDeploymentPostprocessing = 0;
		};
		7F0B56572588888B00BC2E98 /* Resources */ = {
			isa = PBXResourcesBuildPhase;
			buildActionMask = 2147483647;
			files = (
			);
			runOnlyForDeploymentPostprocessing = 0;
		};
/* End PBXResourcesBuildPhase section */

/* Begin PBXShellScriptBuildPhase section */
		0AD06DFAE630174E6573C614 /* [CP] Embed Pods Frameworks */ = {
			isa = PBXShellScriptBuildPhase;
			buildActionMask = 2147483647;
			files = (
			);
			inputFileListPaths = (
				"${PODS_ROOT}/Target Support Files/Pods-ChartsRendererDemo/Pods-ChartsRendererDemo-frameworks-${CONFIGURATION}-input-files.xcfilelist",
			);
			name = "[CP] Embed Pods Frameworks";
			outputFileListPaths = (
				"${PODS_ROOT}/Target Support Files/Pods-ChartsRendererDemo/Pods-ChartsRendererDemo-frameworks-${CONFIGURATION}-output-files.xcfilelist",
			);
			runOnlyForDeploymentPostprocessing = 0;
			shellPath = /bin/sh;
			shellScript = "\"${PODS_ROOT}/Target Support Files/Pods-ChartsRendererDemo/Pods-ChartsRendererDemo-frameworks.sh\"\n";
			showEnvVarsInLog = 0;
		};
		CF1B7DC564FEB97244C7B0CF /* [CP] Check Pods Manifest.lock */ = {
			isa = PBXShellScriptBuildPhase;
			buildActionMask = 2147483647;
			files = (
			);
			inputFileListPaths = (
			);
			inputPaths = (
				"${PODS_PODFILE_DIR_PATH}/Podfile.lock",
				"${PODS_ROOT}/Manifest.lock",
			);
			name = "[CP] Check Pods Manifest.lock";
			outputFileListPaths = (
			);
			outputPaths = (
				"$(DERIVED_FILE_DIR)/Pods-ChartsRendererDemo-checkManifestLockResult.txt",
			);
			runOnlyForDeploymentPostprocessing = 0;
			shellPath = /bin/sh;
			shellScript = "diff \"${PODS_PODFILE_DIR_PATH}/Podfile.lock\" \"${PODS_ROOT}/Manifest.lock\" > /dev/null\nif [ $? != 0 ] ; then\n    # print error to STDERR\n    echo \"error: The sandbox is not in sync with the Podfile.lock. Run 'pod install' or update your CocoaPods installation.\" >&2\n    exit 1\nfi\n# This output is used by Xcode 'outputs' to avoid re-running this script phase.\necho \"SUCCESS\" > \"${SCRIPT_OUTPUT_FILE_0}\"\n";
			showEnvVarsInLog = 0;
		};
/* End PBXShellScriptBuildPhase section */

/* Begin PBXSourcesBuildPhase section */
		7F0B56342588888A00BC2E98 /* Sources */ = {
			isa = PBXSourcesBuildPhase;
			buildActionMask = 2147483647;
			files = (
				7F0B56402588888A00BC2E98 /* ViewController.swift in Sources */,
				7FF4947025888DFF00F437ED /* DataModel.swift in Sources */,
				7F0B563C2588888A00BC2E98 /* AppDelegate.swift in Sources */,
				7FF494792588949800F437ED /* MyYAxis.swift in Sources */,
				7F0B563E2588888A00BC2E98 /* SceneDelegate.swift in Sources */,
			);
			runOnlyForDeploymentPostprocessing = 0;
		};
		7F0B564A2588888B00BC2E98 /* Sources */ = {
			isa = PBXSourcesBuildPhase;
			buildActionMask = 2147483647;
			files = (
				7F0B56532588888B00BC2E98 /* ChartsRendererDemoTests.swift in Sources */,
			);
			runOnlyForDeploymentPostprocessing = 0;
		};
		7F0B56552588888B00BC2E98 /* Sources */ = {
			isa = PBXSourcesBuildPhase;
			buildActionMask = 2147483647;
			files = (
				7F0B565E2588888B00BC2E98 /* ChartsRendererDemoUITests.swift in Sources */,
			);
			runOnlyForDeploymentPostprocessing = 0;
		};
/* End PBXSourcesBuildPhase section */

/* Begin PBXTargetDependency section */
		7F0B56502588888B00BC2E98 /* PBXTargetDependency */ = {
			isa = PBXTargetDependency;
			target = 7F0B56372588888A00BC2E98 /* ChartsRendererDemo */;
			targetProxy = 7F0B564F2588888B00BC2E98 /* PBXContainerItemProxy */;
		};
		7F0B565B2588888B00BC2E98 /* PBXTargetDependency */ = {
			isa = PBXTargetDependency;
			target = 7F0B56372588888A00BC2E98 /* ChartsRendererDemo */;
			targetProxy = 7F0B565A2588888B00BC2E98 /* PBXContainerItemProxy */;
		};
/* End PBXTargetDependency section */

/* Begin PBXVariantGroup section */
		7F0B56412588888A00BC2E98 /* Main.storyboard */ = {
			isa = PBXVariantGroup;
			children = (
				7F0B56422588888A00BC2E98 /* Base */,
			);
			name = Main.storyboard;
			sourceTree = "<group>";
		};
		7F0B56462588888B00BC2E98 /* LaunchScreen.storyboard */ = {
			isa = PBXVariantGroup;
			children = (
				7F0B56472588888B00BC2E98 /* Base */,
			);
			name = LaunchScreen.storyboard;
			sourceTree = "<group>";
		};
/* End PBXVariantGroup section */

/* Begin XCBuildConfiguration section */
		7F0B56602588888B00BC2E98 /* Debug */ = {
			isa = XCBuildConfiguration;
			buildSettings = {
				ALWAYS_SEARCH_USER_PATHS = NO;
				CLANG_ANALYZER_NONNULL = YES;
				CLANG_ANALYZER_NUMBER_OBJECT_CONVERSION = YES_AGGRESSIVE;
				CLANG_CXX_LANGUAGE_STANDARD = "gnu++14";
				CLANG_CXX_LIBRARY = "libc++";
				CLANG_ENABLE_MODULES = YES;
				CLANG_ENABLE_OBJC_ARC = YES;
				CLANG_ENABLE_OBJC_WEAK = YES;
				CLANG_WARN_BLOCK_CAPTURE_AUTORELEASING = YES;
				CLANG_WARN_BOOL_CONVERSION = YES;
				CLANG_WARN_COMMA = YES;
				CLANG_WARN_CONSTANT_CONVERSION = YES;
				CLANG_WARN_DEPRECATED_OBJC_IMPLEMENTATIONS = YES;
				CLANG_WARN_DIRECT_OBJC_ISA_USAGE = YES_ERROR;
				CLANG_WARN_DOCUMENTATION_COMMENTS = YES;
				CLANG_WARN_EMPTY_BODY = YES;
				CLANG_WARN_ENUM_CONVERSION = YES;
				CLANG_WARN_INFINITE_RECURSION = YES;
				CLANG_WARN_INT_CONVERSION = YES;
				CLANG_WARN_NON_LITERAL_NULL_CONVERSION = YES;
				CLANG_WARN_OBJC_IMPLICIT_RETAIN_SELF = YES;
				CLANG_WARN_OBJC_LITERAL_CONVERSION = YES;
				CLANG_WARN_OBJC_ROOT_CLASS = YES_ERROR;
				CLANG_WARN_QUOTED_INCLUDE_IN_FRAMEWORK_HEADER = YES;
				CLANG_WARN_RANGE_LOOP_ANALYSIS = YES;
				CLANG_WARN_STRICT_PROTOTYPES = YES;
				CLANG_WARN_SUSPICIOUS_MOVE = YES;
				CLANG_WARN_UNGUARDED_AVAILABILITY = YES_AGGRESSIVE;
				CLANG_WARN_UNREACHABLE_CODE = YES;
				CLANG_WARN__DUPLICATE_METHOD_MATCH = YES;
				COPY_PHASE_STRIP = NO;
				DEBUG_INFORMATION_FORMAT = dwarf;
				ENABLE_STRICT_OBJC_MSGSEND = YES;
				ENABLE_TESTABILITY = YES;
				GCC_C_LANGUAGE_STANDARD = gnu11;
				GCC_DYNAMIC_NO_PIC = NO;
				GCC_NO_COMMON_BLOCKS = YES;
				GCC_OPTIMIZATION_LEVEL = 0;
				GCC_PREPROCESSOR_DEFINITIONS = (
					"DEBUG=1",
					"$(inherited)",
				);
				GCC_WARN_64_TO_32_BIT_CONVERSION = YES;
				GCC_WARN_ABOUT_RETURN_TYPE = YES_ERROR;
				GCC_WARN_UNDECLARED_SELECTOR = YES;
				GCC_WARN_UNINITIALIZED_AUTOS = YES_AGGRESSIVE;
				GCC_WARN_UNUSED_FUNCTION = YES;
				GCC_WARN_UNUSED_VARIABLE = YES;
				IPHONEOS_DEPLOYMENT_TARGET = 14.3;
				MTL_ENABLE_DEBUG_INFO = INCLUDE_SOURCE;
				MTL_FAST_MATH = YES;
				ONLY_ACTIVE_ARCH = YES;
				SDKROOT = iphoneos;
				SWIFT_ACTIVE_COMPILATION_CONDITIONS = DEBUG;
				SWIFT_OPTIMIZATION_LEVEL = "-Onone";
			};
			name = Debug;
		};
		7F0B56612588888B00BC2E98 /* Release */ = {
			isa = XCBuildConfiguration;
			buildSettings = {
				ALWAYS_SEARCH_USER_PATHS = NO;
				CLANG_ANALYZER_NONNULL = YES;
				CLANG_ANALYZER_NUMBER_OBJECT_CONVERSION = YES_AGGRESSIVE;
				CLANG_CXX_LANGUAGE_STANDARD = "gnu++14";
				CLANG_CXX_LIBRARY = "libc++";
				CLANG_ENABLE_MODULES = YES;
				CLANG_ENABLE_OBJC_ARC = YES;
				CLANG_ENABLE_OBJC_WEAK = YES;
				CLANG_WARN_BLOCK_CAPTURE_AUTORELEASING = YES;
				CLANG_WARN_BOOL_CONVERSION = YES;
				CLANG_WARN_COMMA = YES;
				CLANG_WARN_CONSTANT_CONVERSION = YES;
				CLANG_WARN_DEPRECATED_OBJC_IMPLEMENTATIONS = YES;
				CLANG_WARN_DIRECT_OBJC_ISA_USAGE = YES_ERROR;
				CLANG_WARN_DOCUMENTATION_COMMENTS = YES;
				CLANG_WARN_EMPTY_BODY = YES;
				CLANG_WARN_ENUM_CONVERSION = YES;
				CLANG_WARN_INFINITE_RECURSION = YES;
				CLANG_WARN_INT_CONVERSION = YES;
				CLANG_WARN_NON_LITERAL_NULL_CONVERSION = YES;
				CLANG_WARN_OBJC_IMPLICIT_RETAIN_SELF = YES;
				CLANG_WARN_OBJC_LITERAL_CONVERSION = YES;
				CLANG_WARN_OBJC_ROOT_CLASS = YES_ERROR;
				CLANG_WARN_QUOTED_INCLUDE_IN_FRAMEWORK_HEADER = YES;
				CLANG_WARN_RANGE_LOOP_ANALYSIS = YES;
				CLANG_WARN_STRICT_PROTOTYPES = YES;
				CLANG_WARN_SUSPICIOUS_MOVE = YES;
				CLANG_WARN_UNGUARDED_AVAILABILITY = YES_AGGRESSIVE;
				CLANG_WARN_UNREACHABLE_CODE = YES;
				CLANG_WARN__DUPLICATE_METHOD_MATCH = YES;
				COPY_PHASE_STRIP = NO;
				DEBUG_INFORMATION_FORMAT = "dwarf-with-dsym";
				ENABLE_NS_ASSERTIONS = NO;
				ENABLE_STRICT_OBJC_MSGSEND = YES;
				GCC_C_LANGUAGE_STANDARD = gnu11;
				GCC_NO_COMMON_BLOCKS = YES;
				GCC_WARN_64_TO_32_BIT_CONVERSION = YES;
				GCC_WARN_ABOUT_RETURN_TYPE = YES_ERROR;
				GCC_WARN_UNDECLARED_SELECTOR = YES;
				GCC_WARN_UNINITIALIZED_AUTOS = YES_AGGRESSIVE;
				GCC_WARN_UNUSED_FUNCTION = YES;
				GCC_WARN_UNUSED_VARIABLE = YES;
				IPHONEOS_DEPLOYMENT_TARGET = 14.3;
				MTL_ENABLE_DEBUG_INFO = NO;
				MTL_FAST_MATH = YES;
				SDKROOT = iphoneos;
				SWIFT_COMPILATION_MODE = wholemodule;
				SWIFT_OPTIMIZATION_LEVEL = "-O";
				VALIDATE_PRODUCT = YES;
			};
			name = Release;
		};
		7F0B56632588888B00BC2E98 /* Debug */ = {
			isa = XCBuildConfiguration;
			baseConfigurationReference = 95A11133991A83570EAF7EB5 /* Pods-ChartsRendererDemo.debug.xcconfig */;
			buildSettings = {
				ASSETCATALOG_COMPILER_APPICON_NAME = AppIcon;
				ASSETCATALOG_COMPILER_GLOBAL_ACCENT_COLOR_NAME = AccentColor;
				CODE_SIGN_STYLE = Automatic;
				DEVELOPMENT_TEAM = HMB28F9R4H;
				INFOPLIST_FILE = ChartsRendererDemo/Info.plist;
				LD_RUNPATH_SEARCH_PATHS = (
					"$(inherited)",
					"@executable_path/Frameworks",
				);
				PRODUCT_BUNDLE_IDENTIFIER = Practice.ChartsRendererDemo;
				PRODUCT_NAME = "$(TARGET_NAME)";
				SWIFT_VERSION = 5.0;
				TARGETED_DEVICE_FAMILY = "1,2";
			};
			name = Debug;
		};
		7F0B56642588888B00BC2E98 /* Release */ = {
			isa = XCBuildConfiguration;
			baseConfigurationReference = E16D8BDA8EA0A9F6BBEFDF76 /* Pods-ChartsRendererDemo.release.xcconfig */;
			buildSettings = {
				ASSETCATALOG_COMPILER_APPICON_NAME = AppIcon;
				ASSETCATALOG_COMPILER_GLOBAL_ACCENT_COLOR_NAME = AccentColor;
				CODE_SIGN_STYLE = Automatic;
				DEVELOPMENT_TEAM = HMB28F9R4H;
				INFOPLIST_FILE = ChartsRendererDemo/Info.plist;
				LD_RUNPATH_SEARCH_PATHS = (
					"$(inherited)",
					"@executable_path/Frameworks",
				);
				PRODUCT_BUNDLE_IDENTIFIER = Practice.ChartsRendererDemo;
				PRODUCT_NAME = "$(TARGET_NAME)";
				SWIFT_VERSION = 5.0;
				TARGETED_DEVICE_FAMILY = "1,2";
			};
			name = Release;
		};
		7F0B56662588888B00BC2E98 /* Debug */ = {
			isa = XCBuildConfiguration;
			buildSettings = {
				ALWAYS_EMBED_SWIFT_STANDARD_LIBRARIES = YES;
				BUNDLE_LOADER = "$(TEST_HOST)";
				CODE_SIGN_STYLE = Automatic;
				INFOPLIST_FILE = ChartsRendererDemoTests/Info.plist;
				IPHONEOS_DEPLOYMENT_TARGET = 14.3;
				LD_RUNPATH_SEARCH_PATHS = (
					"$(inherited)",
					"@executable_path/Frameworks",
					"@loader_path/Frameworks",
				);
				PRODUCT_BUNDLE_IDENTIFIER = Practice.ChartsRendererDemoTests;
				PRODUCT_NAME = "$(TARGET_NAME)";
				SWIFT_VERSION = 5.0;
				TARGETED_DEVICE_FAMILY = "1,2";
				TEST_HOST = "$(BUILT_PRODUCTS_DIR)/ChartsRendererDemo.app/ChartsRendererDemo";
			};
			name = Debug;
		};
		7F0B56672588888B00BC2E98 /* Release */ = {
			isa = XCBuildConfiguration;
			buildSettings = {
				ALWAYS_EMBED_SWIFT_STANDARD_LIBRARIES = YES;
				BUNDLE_LOADER = "$(TEST_HOST)";
				CODE_SIGN_STYLE = Automatic;
				INFOPLIST_FILE = ChartsRendererDemoTests/Info.plist;
				IPHONEOS_DEPLOYMENT_TARGET = 14.3;
				LD_RUNPATH_SEARCH_PATHS = (
					"$(inherited)",
					"@executable_path/Frameworks",
					"@loader_path/Frameworks",
				);
				PRODUCT_BUNDLE_IDENTIFIER = Practice.ChartsRendererDemoTests;
				PRODUCT_NAME = "$(TARGET_NAME)";
				SWIFT_VERSION = 5.0;
				TARGETED_DEVICE_FAMILY = "1,2";
				TEST_HOST = "$(BUILT_PRODUCTS_DIR)/ChartsRendererDemo.app/ChartsRendererDemo";
			};
			name = Release;
		};
		7F0B56692588888B00BC2E98 /* Debug */ = {
			isa = XCBuildConfiguration;
			buildSettings = {
				ALWAYS_EMBED_SWIFT_STANDARD_LIBRARIES = YES;
				CODE_SIGN_STYLE = Automatic;
				INFOPLIST_FILE = ChartsRendererDemoUITests/Info.plist;
				LD_RUNPATH_SEARCH_PATHS = (
					"$(inherited)",
					"@executable_path/Frameworks",
					"@loader_path/Frameworks",
				);
				PRODUCT_BUNDLE_IDENTIFIER = Practice.ChartsRendererDemoUITests;
				PRODUCT_NAME = "$(TARGET_NAME)";
				SWIFT_VERSION = 5.0;
				TARGETED_DEVICE_FAMILY = "1,2";
				TEST_TARGET_NAME = ChartsRendererDemo;
			};
			name = Debug;
		};
		7F0B566A2588888B00BC2E98 /* Release */ = {
			isa = XCBuildConfiguration;
			buildSettings = {
				ALWAYS_EMBED_SWIFT_STANDARD_LIBRARIES = YES;
				CODE_SIGN_STYLE = Automatic;
				INFOPLIST_FILE = ChartsRendererDemoUITests/Info.plist;
				LD_RUNPATH_SEARCH_PATHS = (
					"$(inherited)",
					"@executable_path/Frameworks",
					"@loader_path/Frameworks",
				);
				PRODUCT_BUNDLE_IDENTIFIER = Practice.ChartsRendererDemoUITests;
				PRODUCT_NAME = "$(TARGET_NAME)";
				SWIFT_VERSION = 5.0;
				TARGETED_DEVICE_FAMILY = "1,2";
				TEST_TARGET_NAME = ChartsRendererDemo;
			};
			name = Release;
		};
/* End XCBuildConfiguration section */

/* Begin XCConfigurationList section */
		7F0B56332588888A00BC2E98 /* Build configuration list for PBXProject "ChartsRendererDemo" */ = {
			isa = XCConfigurationList;
			buildConfigurations = (
				7F0B56602588888B00BC2E98 /* Debug */,
				7F0B56612588888B00BC2E98 /* Release */,
			);
			defaultConfigurationIsVisible = 0;
			defaultConfigurationName = Release;
		};
		7F0B56622588888B00BC2E98 /* Build configuration list for PBXNativeTarget "ChartsRendererDemo" */ = {
			isa = XCConfigurationList;
			buildConfigurations = (
				7F0B56632588888B00BC2E98 /* Debug */,
				7F0B56642588888B00BC2E98 /* Release */,
			);
			defaultConfigurationIsVisible = 0;
			defaultConfigurationName = Release;
		};
		7F0B56652588888B00BC2E98 /* Build configuration list for PBXNativeTarget "ChartsRendererDemoTests" */ = {
			isa = XCConfigurationList;
			buildConfigurations = (
				7F0B56662588888B00BC2E98 /* Debug */,
				7F0B56672588888B00BC2E98 /* Release */,
			);
			defaultConfigurationIsVisible = 0;
			defaultConfigurationName = Release;
		};
		7F0B56682588888B00BC2E98 /* Build configuration list for PBXNativeTarget "ChartsRendererDemoUITests" */ = {
			isa = XCConfigurationList;
			buildConfigurations = (
				7F0B56692588888B00BC2E98 /* Debug */,
				7F0B566A2588888B00BC2E98 /* Release */,
			);
			defaultConfigurationIsVisible = 0;
			defaultConfigurationName = Release;
		};
/* End XCConfigurationList section */
	};
	rootObject = 7F0B56302588888A00BC2E98 /* Project object */;
}
